// !$*UTF8*$!
{
	archiveVersion = 1;
	classes = {
	};
	objectVersion = 51;
	objects = {

/* Begin PBXBuildFile section */
		2B849B952535BC9300197211 /* Settings.bundle in Resources */ = {isa = PBXBuildFile; fileRef = 2B849B942535BC9300197211 /* Settings.bundle */; };
		2B849B9B2535D55700197211 /* GoogleService-Info.plist in Resources */ = {isa = PBXBuildFile; fileRef = 2B849B9A2535D55700197211 /* GoogleService-Info.plist */; };
		2BA55E82253A239D00EEE887 /* SSManager.swift in Sources */ = {isa = PBXBuildFile; fileRef = 2BA55E81253A239D00EEE887 /* SSManager.swift */; };
		2BA55E84253B95F700EEE887 /* AddCompPlaceViewController.swift in Sources */ = {isa = PBXBuildFile; fileRef = 2BA55E83253B95F700EEE887 /* AddCompPlaceViewController.swift */; };
		A47881ED08E574CEAA35E95E /* Pods_ShareSchedule.framework in Frameworks */ = {isa = PBXBuildFile; fileRef = 1E39FFA87FCB37B4C2F5AB39 /* Pods_ShareSchedule.framework */; };
		BB4F58DA252785F20088E94B /* AppDelegate.swift in Sources */ = {isa = PBXBuildFile; fileRef = BB4F58D9252785F20088E94B /* AppDelegate.swift */; };
		BB4F58DC252785F20088E94B /* SceneDelegate.swift in Sources */ = {isa = PBXBuildFile; fileRef = BB4F58DB252785F20088E94B /* SceneDelegate.swift */; };
		BB4F58E1252785F20088E94B /* Main.storyboard in Resources */ = {isa = PBXBuildFile; fileRef = BB4F58DF252785F20088E94B /* Main.storyboard */; };
		BB4F58E3252785F60088E94B /* Assets.xcassets in Resources */ = {isa = PBXBuildFile; fileRef = BB4F58E2252785F60088E94B /* Assets.xcassets */; };
		BB4F58E6252785F60088E94B /* LaunchScreen.storyboard in Resources */ = {isa = PBXBuildFile; fileRef = BB4F58E4252785F60088E94B /* LaunchScreen.storyboard */; };
		BB4F58EE252786B30088E94B /* MainTableViewController.swift in Sources */ = {isa = PBXBuildFile; fileRef = BB4F58ED252786B30088E94B /* MainTableViewController.swift */; };
		BB4F58F1252787470088E94B /* YoteiCellTableViewCell.swift in Sources */ = {isa = PBXBuildFile; fileRef = BB4F58EF252787470088E94B /* YoteiCellTableViewCell.swift */; };
		BB4F58F2252787470088E94B /* YoteiCellTableViewCell.xib in Resources */ = {isa = PBXBuildFile; fileRef = BB4F58F0252787470088E94B /* YoteiCellTableViewCell.xib */; };
		BB4F58F42528834C0088E94B /* YoteiTableViewController.swift in Sources */ = {isa = PBXBuildFile; fileRef = BB4F58F32528834C0088E94B /* YoteiTableViewController.swift */; };
		BB6F3B27252A275D00BA0391 /* CompTextTableViewCell.swift in Sources */ = {isa = PBXBuildFile; fileRef = BB6F3B25252A275D00BA0391 /* CompTextTableViewCell.swift */; };
		BB6F3B28252A275D00BA0391 /* CompTextTableViewCell.xib in Resources */ = {isa = PBXBuildFile; fileRef = BB6F3B26252A275D00BA0391 /* CompTextTableViewCell.xib */; };
		BB6F3B2B252A31B300BA0391 /* CompTimeTableViewCell.swift in Sources */ = {isa = PBXBuildFile; fileRef = BB6F3B29252A31B300BA0391 /* CompTimeTableViewCell.swift */; };
		BB6F3B2C252A31B300BA0391 /* CompTimeTableViewCell.xib in Resources */ = {isa = PBXBuildFile; fileRef = BB6F3B2A252A31B300BA0391 /* CompTimeTableViewCell.xib */; };
		BB6F3B2E252A32A800BA0391 /* AddCompTimeViewController.swift in Sources */ = {isa = PBXBuildFile; fileRef = BB6F3B2D252A32A800BA0391 /* AddCompTimeViewController.swift */; };
		BB99E608253562BE00127F7F /* SettingViewController.swift in Sources */ = {isa = PBXBuildFile; fileRef = BB99E607253562BE00127F7F /* SettingViewController.swift */; };
		BBA01E82252A406E00C3E2A1 /* AddCompLinkViewController.swift in Sources */ = {isa = PBXBuildFile; fileRef = BBA01E81252A406E00C3E2A1 /* AddCompLinkViewController.swift */; };
		BBA01E85252A41E800C3E2A1 /* CompLinkTableViewCell.swift in Sources */ = {isa = PBXBuildFile; fileRef = BBA01E83252A41E800C3E2A1 /* CompLinkTableViewCell.swift */; };
		BBA01E86252A41E800C3E2A1 /* CompLinkTableViewCell.xib in Resources */ = {isa = PBXBuildFile; fileRef = BBA01E84252A41E800C3E2A1 /* CompLinkTableViewCell.xib */; };
		BBA01E89252A45DE00C3E2A1 /* CompPlaceTableViewCell.swift in Sources */ = {isa = PBXBuildFile; fileRef = BBA01E87252A45DE00C3E2A1 /* CompPlaceTableViewCell.swift */; };
		BBA01E8A252A45DE00C3E2A1 /* CompPlaceTableViewCell.xib in Resources */ = {isa = PBXBuildFile; fileRef = BBA01E88252A45DE00C3E2A1 /* CompPlaceTableViewCell.xib */; };
		BBA01E91252A66BF00C3E2A1 /* CompMembersTableViewCell.swift in Sources */ = {isa = PBXBuildFile; fileRef = BBA01E8F252A66BF00C3E2A1 /* CompMembersTableViewCell.swift */; };
		BBA01E92252A66BF00C3E2A1 /* CompMembersTableViewCell.xib in Resources */ = {isa = PBXBuildFile; fileRef = BBA01E90252A66BF00C3E2A1 /* CompMembersTableViewCell.xib */; };
		BBA01E94252A78AE00C3E2A1 /* YoteiMemberTableViewController.swift in Sources */ = {isa = PBXBuildFile; fileRef = BBA01E93252A78AE00C3E2A1 /* YoteiMemberTableViewController.swift */; };
		BBA01E98252A9D7C00C3E2A1 /* SigninViewController.swift in Sources */ = {isa = PBXBuildFile; fileRef = BBA01E97252A9D7B00C3E2A1 /* SigninViewController.swift */; };
		BBA01E9A252AAA3B00C3E2A1 /* AddMemberViewController.swift in Sources */ = {isa = PBXBuildFile; fileRef = BBA01E99252AAA3B00C3E2A1 /* AddMemberViewController.swift */; };
		BBA01E9E252AC67F00C3E2A1 /* SSError.swift in Sources */ = {isa = PBXBuildFile; fileRef = BBA01E9D252AC67E00C3E2A1 /* SSError.swift */; };
		BBA01EA0252AED6900C3E2A1 /* SSNavigationViewController.swift in Sources */ = {isa = PBXBuildFile; fileRef = BBA01E9F252AED6900C3E2A1 /* SSNavigationViewController.swift */; };
		BBA01EA2252AEE7B00C3E2A1 /* SSColor.swift in Sources */ = {isa = PBXBuildFile; fileRef = BBA01EA1252AEE7B00C3E2A1 /* SSColor.swift */; };
		BBD7416A2529F0CA00158C67 /* ComponentTableViewController.swift in Sources */ = {isa = PBXBuildFile; fileRef = BBD741692529F0CA00158C67 /* ComponentTableViewController.swift */; };
		BBD7416D2529F66100158C67 /* ComponentTableViewCell.swift in Sources */ = {isa = PBXBuildFile; fileRef = BBD7416B2529F66100158C67 /* ComponentTableViewCell.swift */; };
		BBD7416E2529F66100158C67 /* ComponentTableViewCell.xib in Resources */ = {isa = PBXBuildFile; fileRef = BBD7416C2529F66100158C67 /* ComponentTableViewCell.xib */; };
		BBD74174252A0C1600158C67 /* AddCompTextViewController.swift in Sources */ = {isa = PBXBuildFile; fileRef = BBD74173252A0C1600158C67 /* AddCompTextViewController.swift */; };
		BBD7417A252A1C1400158C67 /* AddCompViewController.swift in Sources */ = {isa = PBXBuildFile; fileRef = BBD74179252A1C1400158C67 /* AddCompViewController.swift */; };
		BBD931CE25289EDB0079C3C5 /* AddYoteiViewController.swift in Sources */ = {isa = PBXBuildFile; fileRef = BBD931CD25289EDB0079C3C5 /* AddYoteiViewController.swift */; };
/* End PBXBuildFile section */

/* Begin PBXFileReference section */
		1E39FFA87FCB37B4C2F5AB39 /* Pods_ShareSchedule.framework */ = {isa = PBXFileReference; explicitFileType = wrapper.framework; includeInIndex = 0; path = Pods_ShareSchedule.framework; sourceTree = BUILT_PRODUCTS_DIR; };
		2B849B942535BC9300197211 /* Settings.bundle */ = {isa = PBXFileReference; lastKnownFileType = "wrapper.plug-in"; path = Settings.bundle; sourceTree = "<group>"; };
		2B849B9A2535D55700197211 /* GoogleService-Info.plist */ = {isa = PBXFileReference; fileEncoding = 4; lastKnownFileType = text.plist.xml; path = "GoogleService-Info.plist"; sourceTree = "<group>"; };
		2BA55E81253A239D00EEE887 /* SSManager.swift */ = {isa = PBXFileReference; lastKnownFileType = sourcecode.swift; path = SSManager.swift; sourceTree = "<group>"; };
		2BA55E83253B95F700EEE887 /* AddCompPlaceViewController.swift */ = {isa = PBXFileReference; lastKnownFileType = sourcecode.swift; path = AddCompPlaceViewController.swift; sourceTree = "<group>"; };
		83D1D32063641B6009106A06 /* Pods-ShareSchedule.debug.xcconfig */ = {isa = PBXFileReference; includeInIndex = 1; lastKnownFileType = text.xcconfig; name = "Pods-ShareSchedule.debug.xcconfig"; path = "Target Support Files/Pods-ShareSchedule/Pods-ShareSchedule.debug.xcconfig"; sourceTree = "<group>"; };
		BB4F58D6252785F20088E94B /* AsobiShare.app */ = {isa = PBXFileReference; explicitFileType = wrapper.application; includeInIndex = 0; path = AsobiShare.app; sourceTree = BUILT_PRODUCTS_DIR; };
		BB4F58D9252785F20088E94B /* AppDelegate.swift */ = {isa = PBXFileReference; lastKnownFileType = sourcecode.swift; path = AppDelegate.swift; sourceTree = "<group>"; };
		BB4F58DB252785F20088E94B /* SceneDelegate.swift */ = {isa = PBXFileReference; lastKnownFileType = sourcecode.swift; path = SceneDelegate.swift; sourceTree = "<group>"; };
		BB4F58E0252785F20088E94B /* Base */ = {isa = PBXFileReference; lastKnownFileType = file.storyboard; name = Base; path = Base.lproj/Main.storyboard; sourceTree = "<group>"; };
		BB4F58E2252785F60088E94B /* Assets.xcassets */ = {isa = PBXFileReference; lastKnownFileType = folder.assetcatalog; path = Assets.xcassets; sourceTree = "<group>"; };
		BB4F58E5252785F60088E94B /* Base */ = {isa = PBXFileReference; lastKnownFileType = file.storyboard; name = Base; path = Base.lproj/LaunchScreen.storyboard; sourceTree = "<group>"; };
		BB4F58E7252785F60088E94B /* Info.plist */ = {isa = PBXFileReference; lastKnownFileType = text.plist.xml; path = Info.plist; sourceTree = "<group>"; };
		BB4F58ED252786B30088E94B /* MainTableViewController.swift */ = {isa = PBXFileReference; lastKnownFileType = sourcecode.swift; path = MainTableViewController.swift; sourceTree = "<group>"; };
		BB4F58EF252787470088E94B /* YoteiCellTableViewCell.swift */ = {isa = PBXFileReference; lastKnownFileType = sourcecode.swift; path = YoteiCellTableViewCell.swift; sourceTree = "<group>"; };
		BB4F58F0252787470088E94B /* YoteiCellTableViewCell.xib */ = {isa = PBXFileReference; lastKnownFileType = file.xib; path = YoteiCellTableViewCell.xib; sourceTree = "<group>"; };
		BB4F58F32528834C0088E94B /* YoteiTableViewController.swift */ = {isa = PBXFileReference; lastKnownFileType = sourcecode.swift; path = YoteiTableViewController.swift; sourceTree = "<group>"; };
		BB6F3B25252A275D00BA0391 /* CompTextTableViewCell.swift */ = {isa = PBXFileReference; lastKnownFileType = sourcecode.swift; path = CompTextTableViewCell.swift; sourceTree = "<group>"; };
		BB6F3B26252A275D00BA0391 /* CompTextTableViewCell.xib */ = {isa = PBXFileReference; lastKnownFileType = file.xib; path = CompTextTableViewCell.xib; sourceTree = "<group>"; };
		BB6F3B29252A31B300BA0391 /* CompTimeTableViewCell.swift */ = {isa = PBXFileReference; lastKnownFileType = sourcecode.swift; path = CompTimeTableViewCell.swift; sourceTree = "<group>"; };
		BB6F3B2A252A31B300BA0391 /* CompTimeTableViewCell.xib */ = {isa = PBXFileReference; lastKnownFileType = file.xib; path = CompTimeTableViewCell.xib; sourceTree = "<group>"; };
		BB6F3B2D252A32A800BA0391 /* AddCompTimeViewController.swift */ = {isa = PBXFileReference; lastKnownFileType = sourcecode.swift; path = AddCompTimeViewController.swift; sourceTree = "<group>"; };
		BB99E607253562BE00127F7F /* SettingViewController.swift */ = {isa = PBXFileReference; lastKnownFileType = sourcecode.swift; path = SettingViewController.swift; sourceTree = "<group>"; };
		BBA01E81252A406E00C3E2A1 /* AddCompLinkViewController.swift */ = {isa = PBXFileReference; lastKnownFileType = sourcecode.swift; path = AddCompLinkViewController.swift; sourceTree = "<group>"; };
		BBA01E83252A41E800C3E2A1 /* CompLinkTableViewCell.swift */ = {isa = PBXFileReference; lastKnownFileType = sourcecode.swift; path = CompLinkTableViewCell.swift; sourceTree = "<group>"; };
		BBA01E84252A41E800C3E2A1 /* CompLinkTableViewCell.xib */ = {isa = PBXFileReference; lastKnownFileType = file.xib; path = CompLinkTableViewCell.xib; sourceTree = "<group>"; };
		BBA01E87252A45DE00C3E2A1 /* CompPlaceTableViewCell.swift */ = {isa = PBXFileReference; lastKnownFileType = sourcecode.swift; path = CompPlaceTableViewCell.swift; sourceTree = "<group>"; };
		BBA01E88252A45DE00C3E2A1 /* CompPlaceTableViewCell.xib */ = {isa = PBXFileReference; lastKnownFileType = file.xib; path = CompPlaceTableViewCell.xib; sourceTree = "<group>"; };
		BBA01E8F252A66BF00C3E2A1 /* CompMembersTableViewCell.swift */ = {isa = PBXFileReference; lastKnownFileType = sourcecode.swift; path = CompMembersTableViewCell.swift; sourceTree = "<group>"; };
		BBA01E90252A66BF00C3E2A1 /* CompMembersTableViewCell.xib */ = {isa = PBXFileReference; lastKnownFileType = file.xib; path = CompMembersTableViewCell.xib; sourceTree = "<group>"; };
		BBA01E93252A78AE00C3E2A1 /* YoteiMemberTableViewController.swift */ = {isa = PBXFileReference; lastKnownFileType = sourcecode.swift; path = YoteiMemberTableViewController.swift; sourceTree = "<group>"; };
		BBA01E97252A9D7B00C3E2A1 /* SigninViewController.swift */ = {isa = PBXFileReference; lastKnownFileType = sourcecode.swift; path = SigninViewController.swift; sourceTree = "<group>"; };
		BBA01E99252AAA3B00C3E2A1 /* AddMemberViewController.swift */ = {isa = PBXFileReference; lastKnownFileType = sourcecode.swift; path = AddMemberViewController.swift; sourceTree = "<group>"; };
		BBA01E9D252AC67E00C3E2A1 /* SSError.swift */ = {isa = PBXFileReference; lastKnownFileType = sourcecode.swift; path = SSError.swift; sourceTree = "<group>"; };
		BBA01E9F252AED6900C3E2A1 /* SSNavigationViewController.swift */ = {isa = PBXFileReference; lastKnownFileType = sourcecode.swift; path = SSNavigationViewController.swift; sourceTree = "<group>"; };
		BBA01EA1252AEE7B00C3E2A1 /* SSColor.swift */ = {isa = PBXFileReference; lastKnownFileType = sourcecode.swift; path = SSColor.swift; sourceTree = "<group>"; };
		BBD741692529F0CA00158C67 /* ComponentTableViewController.swift */ = {isa = PBXFileReference; lastKnownFileType = sourcecode.swift; path = ComponentTableViewController.swift; sourceTree = "<group>"; };
		BBD7416B2529F66100158C67 /* ComponentTableViewCell.swift */ = {isa = PBXFileReference; lastKnownFileType = sourcecode.swift; path = ComponentTableViewCell.swift; sourceTree = "<group>"; };
		BBD7416C2529F66100158C67 /* ComponentTableViewCell.xib */ = {isa = PBXFileReference; lastKnownFileType = file.xib; path = ComponentTableViewCell.xib; sourceTree = "<group>"; };
		BBD74173252A0C1600158C67 /* AddCompTextViewController.swift */ = {isa = PBXFileReference; lastKnownFileType = sourcecode.swift; path = AddCompTextViewController.swift; sourceTree = "<group>"; };
		BBD74179252A1C1400158C67 /* AddCompViewController.swift */ = {isa = PBXFileReference; lastKnownFileType = sourcecode.swift; path = AddCompViewController.swift; sourceTree = "<group>"; };
		BBD931CD25289EDB0079C3C5 /* AddYoteiViewController.swift */ = {isa = PBXFileReference; lastKnownFileType = sourcecode.swift; path = AddYoteiViewController.swift; sourceTree = "<group>"; };
		F5A99A034407B5C3A8E87EDA /* Pods-ShareSchedule.release.xcconfig */ = {isa = PBXFileReference; includeInIndex = 1; lastKnownFileType = text.xcconfig; name = "Pods-ShareSchedule.release.xcconfig"; path = "Target Support Files/Pods-ShareSchedule/Pods-ShareSchedule.release.xcconfig"; sourceTree = "<group>"; };
/* End PBXFileReference section */

/* Begin PBXFrameworksBuildPhase section */
		BB4F58D3252785F20088E94B /* Frameworks */ = {
			isa = PBXFrameworksBuildPhase;
			buildActionMask = 2147483647;
			files = (
				A47881ED08E574CEAA35E95E /* Pods_ShareSchedule.framework in Frameworks */,
			);
			runOnlyForDeploymentPostprocessing = 0;
		};
/* End PBXFrameworksBuildPhase section */

/* Begin PBXGroup section */
		99796BB0FD37A551B840A2D2 /* Pods */ = {
			isa = PBXGroup;
			children = (
				83D1D32063641B6009106A06 /* Pods-ShareSchedule.debug.xcconfig */,
				F5A99A034407B5C3A8E87EDA /* Pods-ShareSchedule.release.xcconfig */,
			);
			path = Pods;
			sourceTree = "<group>";
		};
		BB4F58CD252785F20088E94B = {
			isa = PBXGroup;
			children = (
				BB4F58D8252785F20088E94B /* ShareSchedule */,
				BB4F58D7252785F20088E94B /* Products */,
				99796BB0FD37A551B840A2D2 /* Pods */,
				D039824F7F50B756468D6F76 /* Frameworks */,
			);
			sourceTree = "<group>";
		};
		BB4F58D7252785F20088E94B /* Products */ = {
			isa = PBXGroup;
			children = (
				BB4F58D6252785F20088E94B /* AsobiShare.app */,
			);
			name = Products;
			sourceTree = "<group>";
		};
		BB4F58D8252785F20088E94B /* ShareSchedule */ = {
			isa = PBXGroup;
			children = (
				BBD74176252A0CE100158C67 /* AddCompVCs */,
				BBD74175252A0CB300158C67 /* TableViewCells */,
				BBA01E9B252ABF4A00C3E2A1 /* TableVCs */,
				BBA01E9C252ABF8200C3E2A1 /* OtherVCs */,
				BB4F58D9252785F20088E94B /* AppDelegate.swift */,
				BB4F58DB252785F20088E94B /* SceneDelegate.swift */,
				BB4F58DF252785F20088E94B /* Main.storyboard */,
				BB4F58E2252785F60088E94B /* Assets.xcassets */,
				BB4F58E4252785F60088E94B /* LaunchScreen.storyboard */,
				BB4F58E7252785F60088E94B /* Info.plist */,
				BBA01E9D252AC67E00C3E2A1 /* SSError.swift */,
				BBA01E9F252AED6900C3E2A1 /* SSNavigationViewController.swift */,
				2BA55E81253A239D00EEE887 /* SSManager.swift */,
				BBA01EA1252AEE7B00C3E2A1 /* SSColor.swift */,
				2B849B9A2535D55700197211 /* GoogleService-Info.plist */,
				2B849B942535BC9300197211 /* Settings.bundle */,
			);
			path = ShareSchedule;
			sourceTree = "<group>";
		};
		BBA01E9B252ABF4A00C3E2A1 /* TableVCs */ = {
			isa = PBXGroup;
			children = (
				BB4F58ED252786B30088E94B /* MainTableViewController.swift */,
				BB4F58F32528834C0088E94B /* YoteiTableViewController.swift */,
				BBD741692529F0CA00158C67 /* ComponentTableViewController.swift */,
				BBA01E93252A78AE00C3E2A1 /* YoteiMemberTableViewController.swift */,
			);
			path = TableVCs;
			sourceTree = "<group>";
		};
		BBA01E9C252ABF8200C3E2A1 /* OtherVCs */ = {
			isa = PBXGroup;
			children = (
				BBA01E97252A9D7B00C3E2A1 /* SigninViewController.swift */,
				BBD931CD25289EDB0079C3C5 /* AddYoteiViewController.swift */,
				BBA01E99252AAA3B00C3E2A1 /* AddMemberViewController.swift */,
				BB99E607253562BE00127F7F /* SettingViewController.swift */,
			);
			path = OtherVCs;
			sourceTree = "<group>";
		};
		BBD74175252A0CB300158C67 /* TableViewCells */ = {
			isa = PBXGroup;
			children = (
				BB4F58EF252787470088E94B /* YoteiCellTableViewCell.swift */,
				BB4F58F0252787470088E94B /* YoteiCellTableViewCell.xib */,
				BBD7416B2529F66100158C67 /* ComponentTableViewCell.swift */,
				BBD7416C2529F66100158C67 /* ComponentTableViewCell.xib */,
				BB6F3B25252A275D00BA0391 /* CompTextTableViewCell.swift */,
				BB6F3B26252A275D00BA0391 /* CompTextTableViewCell.xib */,
				BB6F3B29252A31B300BA0391 /* CompTimeTableViewCell.swift */,
				BB6F3B2A252A31B300BA0391 /* CompTimeTableViewCell.xib */,
				BBA01E83252A41E800C3E2A1 /* CompLinkTableViewCell.swift */,
				BBA01E84252A41E800C3E2A1 /* CompLinkTableViewCell.xib */,
				BBA01E87252A45DE00C3E2A1 /* CompPlaceTableViewCell.swift */,
				BBA01E88252A45DE00C3E2A1 /* CompPlaceTableViewCell.xib */,
				BBA01E8F252A66BF00C3E2A1 /* CompMembersTableViewCell.swift */,
				BBA01E90252A66BF00C3E2A1 /* CompMembersTableViewCell.xib */,
			);
			path = TableViewCells;
			sourceTree = "<group>";
		};
		BBD74176252A0CE100158C67 /* AddCompVCs */ = {
			isa = PBXGroup;
			children = (
				BBD74173252A0C1600158C67 /* AddCompTextViewController.swift */,
				BBD74179252A1C1400158C67 /* AddCompViewController.swift */,
				BB6F3B2D252A32A800BA0391 /* AddCompTimeViewController.swift */,
				BBA01E81252A406E00C3E2A1 /* AddCompLinkViewController.swift */,
				2BA55E83253B95F700EEE887 /* AddCompPlaceViewController.swift */,
			);
			path = AddCompVCs;
			sourceTree = "<group>";
		};
		D039824F7F50B756468D6F76 /* Frameworks */ = {
			isa = PBXGroup;
			children = (
				1E39FFA87FCB37B4C2F5AB39 /* Pods_ShareSchedule.framework */,
			);
			name = Frameworks;
			sourceTree = "<group>";
		};
/* End PBXGroup section */

/* Begin PBXNativeTarget section */
		BB4F58D5252785F20088E94B /* ShareSchedule */ = {
			isa = PBXNativeTarget;
			buildConfigurationList = BB4F58EA252785F60088E94B /* Build configuration list for PBXNativeTarget "ShareSchedule" */;
			buildPhases = (
				B297E7873058D87543207301 /* [CP] Check Pods Manifest.lock */,
				BB4F58D2252785F20088E94B /* Sources */,
				BB4F58D3252785F20088E94B /* Frameworks */,
				BB4F58D4252785F20088E94B /* Resources */,
				F2BACFE139AB2995D7E6A3D9 /* [CP] Embed Pods Frameworks */,
				27B9031D63A0D2B6711A6568 /* [CP] Copy Pods Resources */,
			);
			buildRules = (
			);
			dependencies = (
			);
			name = ShareSchedule;
			productName = ShareSchedule;
			productReference = BB4F58D6252785F20088E94B /* AsobiShare.app */;
			productType = "com.apple.product-type.application";
		};
/* End PBXNativeTarget section */

/* Begin PBXProject section */
		BB4F58CE252785F20088E94B /* Project object */ = {
			isa = PBXProject;
			attributes = {
				LastSwiftUpdateCheck = 1170;
				LastUpgradeCheck = 1170;
				ORGANIZATIONNAME = "クワシマ・ユウキ";
				TargetAttributes = {
					BB4F58D5252785F20088E94B = {
						CreatedOnToolsVersion = 11.7;
					};
				};
			};
			buildConfigurationList = BB4F58D1252785F20088E94B /* Build configuration list for PBXProject "ShareSchedule" */;
			compatibilityVersion = "Xcode 9.3";
			developmentRegion = en;
			hasScannedForEncodings = 0;
			knownRegions = (
				en,
				Base,
			);
			mainGroup = BB4F58CD252785F20088E94B;
			productRefGroup = BB4F58D7252785F20088E94B /* Products */;
			projectDirPath = "";
			projectRoot = "";
			targets = (
				BB4F58D5252785F20088E94B /* ShareSchedule */,
			);
		};
/* End PBXProject section */

/* Begin PBXResourcesBuildPhase section */
		BB4F58D4252785F20088E94B /* Resources */ = {
			isa = PBXResourcesBuildPhase;
			buildActionMask = 2147483647;
			files = (
				BBA01E86252A41E800C3E2A1 /* CompLinkTableViewCell.xib in Resources */,
				BB6F3B28252A275D00BA0391 /* CompTextTableViewCell.xib in Resources */,
				BBD7416E2529F66100158C67 /* ComponentTableViewCell.xib in Resources */,
				2B849B952535BC9300197211 /* Settings.bundle in Resources */,
				BB6F3B2C252A31B300BA0391 /* CompTimeTableViewCell.xib in Resources */,
				2B849B9B2535D55700197211 /* GoogleService-Info.plist in Resources */,
				BB4F58F2252787470088E94B /* YoteiCellTableViewCell.xib in Resources */,
				BB4F58E6252785F60088E94B /* LaunchScreen.storyboard in Resources */,
				BBA01E92252A66BF00C3E2A1 /* CompMembersTableViewCell.xib in Resources */,
				BB4F58E3252785F60088E94B /* Assets.xcassets in Resources */,
				BBA01E8A252A45DE00C3E2A1 /* CompPlaceTableViewCell.xib in Resources */,
				BB4F58E1252785F20088E94B /* Main.storyboard in Resources */,
			);
			runOnlyForDeploymentPostprocessing = 0;
		};
/* End PBXResourcesBuildPhase section */

/* Begin PBXShellScriptBuildPhase section */
		27B9031D63A0D2B6711A6568 /* [CP] Copy Pods Resources */ = {
			isa = PBXShellScriptBuildPhase;
			buildActionMask = 2147483647;
			files = (
			);
			inputFileListPaths = (
				"${PODS_ROOT}/Target Support Files/Pods-ShareSchedule/Pods-ShareSchedule-resources-${CONFIGURATION}-input-files.xcfilelist",
			);
			name = "[CP] Copy Pods Resources";
			outputFileListPaths = (
				"${PODS_ROOT}/Target Support Files/Pods-ShareSchedule/Pods-ShareSchedule-resources-${CONFIGURATION}-output-files.xcfilelist",
			);
			runOnlyForDeploymentPostprocessing = 0;
			shellPath = /bin/sh;
			shellScript = "\"${PODS_ROOT}/Target Support Files/Pods-ShareSchedule/Pods-ShareSchedule-resources.sh\"\n";
			showEnvVarsInLog = 0;
		};
		B297E7873058D87543207301 /* [CP] Check Pods Manifest.lock */ = {
			isa = PBXShellScriptBuildPhase;
			buildActionMask = 2147483647;
			files = (
			);
			inputFileListPaths = (
			);
			inputPaths = (
				"${PODS_PODFILE_DIR_PATH}/Podfile.lock",
				"${PODS_ROOT}/Manifest.lock",
			);
			name = "[CP] Check Pods Manifest.lock";
			outputFileListPaths = (
			);
			outputPaths = (
				"$(DERIVED_FILE_DIR)/Pods-ShareSchedule-checkManifestLockResult.txt",
			);
			runOnlyForDeploymentPostprocessing = 0;
			shellPath = /bin/sh;
			shellScript = "diff \"${PODS_PODFILE_DIR_PATH}/Podfile.lock\" \"${PODS_ROOT}/Manifest.lock\" > /dev/null\nif [ $? != 0 ] ; then\n    # print error to STDERR\n    echo \"error: The sandbox is not in sync with the Podfile.lock. Run 'pod install' or update your CocoaPods installation.\" >&2\n    exit 1\nfi\n# This output is used by Xcode 'outputs' to avoid re-running this script phase.\necho \"SUCCESS\" > \"${SCRIPT_OUTPUT_FILE_0}\"\n";
			showEnvVarsInLog = 0;
		};
		F2BACFE139AB2995D7E6A3D9 /* [CP] Embed Pods Frameworks */ = {
			isa = PBXShellScriptBuildPhase;
			buildActionMask = 2147483647;
			files = (
			);
			inputFileListPaths = (
				"${PODS_ROOT}/Target Support Files/Pods-ShareSchedule/Pods-ShareSchedule-frameworks-${CONFIGURATION}-input-files.xcfilelist",
			);
			name = "[CP] Embed Pods Frameworks";
			outputFileListPaths = (
				"${PODS_ROOT}/Target Support Files/Pods-ShareSchedule/Pods-ShareSchedule-frameworks-${CONFIGURATION}-output-files.xcfilelist",
			);
			runOnlyForDeploymentPostprocessing = 0;
			shellPath = /bin/sh;
			shellScript = "\"${PODS_ROOT}/Target Support Files/Pods-ShareSchedule/Pods-ShareSchedule-frameworks.sh\"\n";
			showEnvVarsInLog = 0;
		};
/* End PBXShellScriptBuildPhase section */

/* Begin PBXSourcesBuildPhase section */
		BB4F58D2252785F20088E94B /* Sources */ = {
			isa = PBXSourcesBuildPhase;
			buildActionMask = 2147483647;
			files = (
				BBA01E85252A41E800C3E2A1 /* CompLinkTableViewCell.swift in Sources */,
				BB4F58F1252787470088E94B /* YoteiCellTableViewCell.swift in Sources */,
				BBA01EA0252AED6900C3E2A1 /* SSNavigationViewController.swift in Sources */,
				BB6F3B2E252A32A800BA0391 /* AddCompTimeViewController.swift in Sources */,
				BBD7417A252A1C1400158C67 /* AddCompViewController.swift in Sources */,
				2BA55E82253A239D00EEE887 /* SSManager.swift in Sources */,
				BBA01E91252A66BF00C3E2A1 /* CompMembersTableViewCell.swift in Sources */,
				BB4F58DA252785F20088E94B /* AppDelegate.swift in Sources */,
				BB4F58EE252786B30088E94B /* MainTableViewController.swift in Sources */,
				BB4F58DC252785F20088E94B /* SceneDelegate.swift in Sources */,
				2BA55E84253B95F700EEE887 /* AddCompPlaceViewController.swift in Sources */,
				BB6F3B27252A275D00BA0391 /* CompTextTableViewCell.swift in Sources */,
				BB4F58F42528834C0088E94B /* YoteiTableViewController.swift in Sources */,
				BB99E608253562BE00127F7F /* SettingViewController.swift in Sources */,
				BBA01E98252A9D7C00C3E2A1 /* SigninViewController.swift in Sources */,
				BBD7416D2529F66100158C67 /* ComponentTableViewCell.swift in Sources */,
				BBA01E9A252AAA3B00C3E2A1 /* AddMemberViewController.swift in Sources */,
				BBD931CE25289EDB0079C3C5 /* AddYoteiViewController.swift in Sources */,
				BBA01E94252A78AE00C3E2A1 /* YoteiMemberTableViewController.swift in Sources */,
				BBD7416A2529F0CA00158C67 /* ComponentTableViewController.swift in Sources */,
				BBA01EA2252AEE7B00C3E2A1 /* SSColor.swift in Sources */,
				BBA01E82252A406E00C3E2A1 /* AddCompLinkViewController.swift in Sources */,
				BBD74174252A0C1600158C67 /* AddCompTextViewController.swift in Sources */,
				BBA01E89252A45DE00C3E2A1 /* CompPlaceTableViewCell.swift in Sources */,
				BBA01E9E252AC67F00C3E2A1 /* SSError.swift in Sources */,
				BB6F3B2B252A31B300BA0391 /* CompTimeTableViewCell.swift in Sources */,
			);
			runOnlyForDeploymentPostprocessing = 0;
		};
/* End PBXSourcesBuildPhase section */

/* Begin PBXVariantGroup section */
		BB4F58DF252785F20088E94B /* Main.storyboard */ = {
			isa = PBXVariantGroup;
			children = (
				BB4F58E0252785F20088E94B /* Base */,
			);
			name = Main.storyboard;
			sourceTree = "<group>";
		};
		BB4F58E4252785F60088E94B /* LaunchScreen.storyboard */ = {
			isa = PBXVariantGroup;
			children = (
				BB4F58E5252785F60088E94B /* Base */,
			);
			name = LaunchScreen.storyboard;
			sourceTree = "<group>";
		};
/* End PBXVariantGroup section */

/* Begin XCBuildConfiguration section */
		BB4F58E8252785F60088E94B /* Debug */ = {
			isa = XCBuildConfiguration;
			buildSettings = {
				ALWAYS_SEARCH_USER_PATHS = NO;
				CLANG_ANALYZER_NONNULL = YES;
				CLANG_ANALYZER_NUMBER_OBJECT_CONVERSION = YES_AGGRESSIVE;
				CLANG_CXX_LANGUAGE_STANDARD = "gnu++14";
				CLANG_CXX_LIBRARY = "libc++";
				CLANG_ENABLE_MODULES = YES;
				CLANG_ENABLE_OBJC_ARC = YES;
				CLANG_ENABLE_OBJC_WEAK = YES;
				CLANG_WARN_BLOCK_CAPTURE_AUTORELEASING = YES;
				CLANG_WARN_BOOL_CONVERSION = YES;
				CLANG_WARN_COMMA = YES;
				CLANG_WARN_CONSTANT_CONVERSION = YES;
				CLANG_WARN_DEPRECATED_OBJC_IMPLEMENTATIONS = YES;
				CLANG_WARN_DIRECT_OBJC_ISA_USAGE = YES_ERROR;
				CLANG_WARN_DOCUMENTATION_COMMENTS = YES;
				CLANG_WARN_EMPTY_BODY = YES;
				CLANG_WARN_ENUM_CONVERSION = YES;
				CLANG_WARN_INFINITE_RECURSION = YES;
				CLANG_WARN_INT_CONVERSION = YES;
				CLANG_WARN_NON_LITERAL_NULL_CONVERSION = YES;
				CLANG_WARN_OBJC_IMPLICIT_RETAIN_SELF = YES;
				CLANG_WARN_OBJC_LITERAL_CONVERSION = YES;
				CLANG_WARN_OBJC_ROOT_CLASS = YES_ERROR;
				CLANG_WARN_RANGE_LOOP_ANALYSIS = YES;
				CLANG_WARN_STRICT_PROTOTYPES = YES;
				CLANG_WARN_SUSPICIOUS_MOVE = YES;
				CLANG_WARN_UNGUARDED_AVAILABILITY = YES_AGGRESSIVE;
				CLANG_WARN_UNREACHABLE_CODE = YES;
				CLANG_WARN__DUPLICATE_METHOD_MATCH = YES;
				COPY_PHASE_STRIP = NO;
				DEBUG_INFORMATION_FORMAT = dwarf;
				ENABLE_STRICT_OBJC_MSGSEND = YES;
				ENABLE_TESTABILITY = YES;
				GCC_C_LANGUAGE_STANDARD = gnu11;
				GCC_DYNAMIC_NO_PIC = NO;
				GCC_NO_COMMON_BLOCKS = YES;
				GCC_OPTIMIZATION_LEVEL = 0;
				GCC_PREPROCESSOR_DEFINITIONS = (
					"DEBUG=1",
					"$(inherited)",
				);
				GCC_WARN_64_TO_32_BIT_CONVERSION = YES;
				GCC_WARN_ABOUT_RETURN_TYPE = YES_ERROR;
				GCC_WARN_UNDECLARED_SELECTOR = YES;
				GCC_WARN_UNINITIALIZED_AUTOS = YES_AGGRESSIVE;
				GCC_WARN_UNUSED_FUNCTION = YES;
				GCC_WARN_UNUSED_VARIABLE = YES;
				IPHONEOS_DEPLOYMENT_TARGET = 13.4;
				MTL_ENABLE_DEBUG_INFO = INCLUDE_SOURCE;
				MTL_FAST_MATH = YES;
				ONLY_ACTIVE_ARCH = YES;
				SDKROOT = iphoneos;
				SWIFT_ACTIVE_COMPILATION_CONDITIONS = DEBUG;
				SWIFT_OPTIMIZATION_LEVEL = "-Onone";
			};
			name = Debug;
		};
		BB4F58E9252785F60088E94B /* Release */ = {
			isa = XCBuildConfiguration;
			buildSettings = {
				ALWAYS_SEARCH_USER_PATHS = NO;
				CLANG_ANALYZER_NONNULL = YES;
				CLANG_ANALYZER_NUMBER_OBJECT_CONVERSION = YES_AGGRESSIVE;
				CLANG_CXX_LANGUAGE_STANDARD = "gnu++14";
				CLANG_CXX_LIBRARY = "libc++";
				CLANG_ENABLE_MODULES = YES;
				CLANG_ENABLE_OBJC_ARC = YES;
				CLANG_ENABLE_OBJC_WEAK = YES;
				CLANG_WARN_BLOCK_CAPTURE_AUTORELEASING = YES;
				CLANG_WARN_BOOL_CONVERSION = YES;
				CLANG_WARN_COMMA = YES;
				CLANG_WARN_CONSTANT_CONVERSION = YES;
				CLANG_WARN_DEPRECATED_OBJC_IMPLEMENTATIONS = YES;
				CLANG_WARN_DIRECT_OBJC_ISA_USAGE = YES_ERROR;
				CLANG_WARN_DOCUMENTATION_COMMENTS = YES;
				CLANG_WARN_EMPTY_BODY = YES;
				CLANG_WARN_ENUM_CONVERSION = YES;
				CLANG_WARN_INFINITE_RECURSION = YES;
				CLANG_WARN_INT_CONVERSION = YES;
				CLANG_WARN_NON_LITERAL_NULL_CONVERSION = YES;
				CLANG_WARN_OBJC_IMPLICIT_RETAIN_SELF = YES;
				CLANG_WARN_OBJC_LITERAL_CONVERSION = YES;
				CLANG_WARN_OBJC_ROOT_CLASS = YES_ERROR;
				CLANG_WARN_RANGE_LOOP_ANALYSIS = YES;
				CLANG_WARN_STRICT_PROTOTYPES = YES;
				CLANG_WARN_SUSPICIOUS_MOVE = YES;
				CLANG_WARN_UNGUARDED_AVAILABILITY = YES_AGGRESSIVE;
				CLANG_WARN_UNREACHABLE_CODE = YES;
				CLANG_WARN__DUPLICATE_METHOD_MATCH = YES;
				COPY_PHASE_STRIP = NO;
				DEBUG_INFORMATION_FORMAT = "dwarf-with-dsym";
				ENABLE_NS_ASSERTIONS = NO;
				ENABLE_STRICT_OBJC_MSGSEND = YES;
				GCC_C_LANGUAGE_STANDARD = gnu11;
				GCC_NO_COMMON_BLOCKS = YES;
				GCC_WARN_64_TO_32_BIT_CONVERSION = YES;
				GCC_WARN_ABOUT_RETURN_TYPE = YES_ERROR;
				GCC_WARN_UNDECLARED_SELECTOR = YES;
				GCC_WARN_UNINITIALIZED_AUTOS = YES_AGGRESSIVE;
				GCC_WARN_UNUSED_FUNCTION = YES;
				GCC_WARN_UNUSED_VARIABLE = YES;
				IPHONEOS_DEPLOYMENT_TARGET = 13.4;
				MTL_ENABLE_DEBUG_INFO = NO;
				MTL_FAST_MATH = YES;
				SDKROOT = iphoneos;
				SWIFT_COMPILATION_MODE = wholemodule;
				SWIFT_OPTIMIZATION_LEVEL = "-O";
				VALIDATE_PRODUCT = YES;
			};
			name = Release;
		};
		BB4F58EB252785F60088E94B /* Debug */ = {
			isa = XCBuildConfiguration;
			baseConfigurationReference = 83D1D32063641B6009106A06 /* Pods-ShareSchedule.debug.xcconfig */;
			buildSettings = {
				ASSETCATALOG_COMPILER_APPICON_NAME = AppIcon;
				CODE_SIGN_IDENTITY = "Apple Development";
				CODE_SIGN_STYLE = Automatic;
				CURRENT_PROJECT_VERSION = 2;
				DEVELOPMENT_TEAM = 957Z52XMNY;
				INFOPLIST_FILE = ShareSchedule/Info.plist;
				IPHONEOS_DEPLOYMENT_TARGET = 13.3;
				LD_RUNPATH_SEARCH_PATHS = (
					"$(inherited)",
					"@executable_path/Frameworks",
				);
				MARKETING_VERSION = 2.0;
				PRODUCT_BUNDLE_IDENTIFIER = com.yukiny.l4s.AsobiShare;
				PRODUCT_NAME = AsobiShare;
				PROVISIONING_PROFILE_SPECIFIER = "";
				SWIFT_VERSION = 5.0;
				TARGETED_DEVICE_FAMILY = 1;
			};
			name = Debug;
		};
		BB4F58EC252785F60088E94B /* Release */ = {
			isa = XCBuildConfiguration;
			baseConfigurationReference = F5A99A034407B5C3A8E87EDA /* Pods-ShareSchedule.release.xcconfig */;
			buildSettings = {
				ASSETCATALOG_COMPILER_APPICON_NAME = AppIcon;
				CODE_SIGN_IDENTITY = "Apple Development";
				CODE_SIGN_STYLE = Automatic;
				CURRENT_PROJECT_VERSION = 2;
				DEVELOPMENT_TEAM = 957Z52XMNY;
				INFOPLIST_FILE = ShareSchedule/Info.plist;
				IPHONEOS_DEPLOYMENT_TARGET = 13.3;
				LD_RUNPATH_SEARCH_PATHS = (
					"$(inherited)",
					"@executable_path/Frameworks",
				);
				MARKETING_VERSION = 2.0;
				PRODUCT_BUNDLE_IDENTIFIER = com.yukiny.l4s.AsobiShare;
				PRODUCT_NAME = AsobiShare;
				PROVISIONING_PROFILE_SPECIFIER = "";
				SWIFT_VERSION = 5.0;
				TARGETED_DEVICE_FAMILY = 1;
			};
			name = Release;
		};
/* End XCBuildConfiguration section */

/* Begin XCConfigurationList section */
		BB4F58D1252785F20088E94B /* Build configuration list for PBXProject "ShareSchedule" */ = {
			isa = XCConfigurationList;
			buildConfigurations = (
				BB4F58E8252785F60088E94B /* Debug */,
				BB4F58E9252785F60088E94B /* Release */,
			);
			defaultConfigurationIsVisible = 0;
			defaultConfigurationName = Release;
		};
		BB4F58EA252785F60088E94B /* Build configuration list for PBXNativeTarget "ShareSchedule" */ = {
			isa = XCConfigurationList;
			buildConfigurations = (
				BB4F58EB252785F60088E94B /* Debug */,
				BB4F58EC252785F60088E94B /* Release */,
			);
			defaultConfigurationIsVisible = 0;
			defaultConfigurationName = Release;
		};
/* End XCConfigurationList section */
	};
	rootObject = BB4F58CE252785F20088E94B /* Project object */;
}
